
Microsoft Visual Studio Solution File, Format Version 12.00
# Visual Studio Version 16
VisualStudioVersion = 16.0.31005.135
MinimumVisualStudioVersion = 10.0.40219.1
Project("{9A19103F-16F7-4668-BE54-9A1E7A4F7556}") = "CalculateShoppingChange.API", "CalculateShoppingChange.API\CalculateShoppingChange.API.csproj", "{2C4FC572-FC73-4181-B218-A1148CB18627}"
EndProject
Project("{9A19103F-16F7-4668-BE54-9A1E7A4F7556}") = "CalculateShoppingChange.Business.Tests", "CalculateShoppingChange.Business.Tests\CalculateShoppingChange.Business.Tests.csproj", "{A850F045-E9EE-414E-A949-B078590B781F}"
EndProject
Project("{FAE04EC0-301F-11D3-BF4B-00C04F79EFBC}") = "CalculateShoppingChange.Business", "CalculateShoppingChange.Business\CalculateShoppingChange.Business.csproj", "{F00161B5-D912-4A92-B16F-2780419DCBDA}"
EndProject
Global
	GlobalSection(SolutionConfigurationPlatforms) = preSolution
		Debug|Any CPU = Debug|Any CPU
		Release|Any CPU = Release|Any CPU
	EndGlobalSection
	GlobalSection(ProjectConfigurationPlatforms) = postSolution
		{2C4FC572-FC73-4181-B218-A1148CB18627}.Debug|Any CPU.ActiveCfg = Debug|Any CPU
		{2C4FC572-FC73-4181-B218-A1148CB18627}.Debug|Any CPU.Build.0 = Debug|Any CPU
		{2C4FC572-FC73-4181-B218-A1148CB18627}.Release|Any CPU.ActiveCfg = Release|Any CPU
		{2C4FC572-FC73-4181-B218-A1148CB18627}.Release|Any CPU.Build.0 = Release|Any CPU
		{A850F045-E9EE-414E-A949-B078590B781F}.Debug|Any CPU.ActiveCfg = Debug|Any CPU
		{A850F045-E9EE-414E-A949-B078590B781F}.Debug|Any CPU.Build.0 = Debug|Any CPU
		{A850F045-E9EE-414E-A949-B078590B781F}.Release|Any CPU.ActiveCfg = Release|Any CPU
		{A850F045-E9EE-414E-A949-B078590B781F}.Release|Any CPU.Build.0 = Release|Any CPU
		{F00161B5-D912-4A92-B16F-2780419DCBDA}.Debug|Any CPU.ActiveCfg = Debug|Any CPU
		{F00161B5-D912-4A92-B16F-2780419DCBDA}.Debug|Any CPU.Build.0 = Debug|Any CPU
		{F00161B5-D912-4A92-B16F-2780419DCBDA}.Release|Any CPU.ActiveCfg = Release|Any CPU
		{F00161B5-D912-4A92-B16F-2780419DCBDA}.Release|Any CPU.Build.0 = Release|Any CPU
	EndGlobalSection
	GlobalSection(SolutionProperties) = preSolution
		HideSolutionNode = FALSE
	EndGlobalSection
	GlobalSection(ExtensibilityGlobals) = postSolution
		SolutionGuid = {D04F0084-377F-4C96-AAE2-3CCD3582DE33}
	EndGlobalSection
EndGlobal
